
Microsoft Visual Studio Solution File, Format Version 12.00
# Visual Studio Version 17
VisualStudioVersion = 17.10.35122.118
MinimumVisualStudioVersion = 10.0.40219.1
Project("{FAE04EC0-301F-11D3-BF4B-00C04F79EFBC}") = "FiveLetterWordFinder", "FiveLetterWordFinder\FiveLetterWordFinder.csproj", "{1709D401-051C-48C4-ABB1-25040EB7D726}"
EndProject
Global
	GlobalSection(SolutionConfigurationPlatforms) = preSolution
		Debug|Any CPU = Debug|Any CPU
		Release|Any CPU = Release|Any CPU
	EndGlobalSection
	GlobalSection(ProjectConfigurationPlatforms) = postSolution
		{1709D401-051C-48C4-ABB1-25040EB7D726}.Debug|Any CPU.ActiveCfg = Debug|Any CPU
		{1709D401-051C-48C4-ABB1-25040EB7D726}.Debug|Any CPU.Build.0 = Debug|Any CPU
		{1709D401-051C-48C4-ABB1-25040EB7D726}.Release|Any CPU.ActiveCfg = Release|Any CPU
		{1709D401-051C-48C4-ABB1-25040EB7D726}.Release|Any CPU.Build.0 = Release|Any CPU
	EndGlobalSection
	GlobalSection(SolutionProperties) = preSolution
		HideSolutionNode = FALSE
	EndGlobalSection
	GlobalSection(ExtensibilityGlobals) = postSolution
		SolutionGuid = {988EA7AF-B975-446E-8AA5-F7BEA654D6FF}
	EndGlobalSection
EndGlobal
